
Microsoft Visual Studio Solution File, Format Version 12.00
# Visual Studio 2013
VisualStudioVersion = 12.0.21005.1
MinimumVisualStudioVersion = 10.0.40219.1
Project("{FAE04EC0-301F-11D3-BF4B-00C04F79EFBC}") = "RegisterApp", "RegisterApp\RegisterApp.csproj", "{9997FC64-DE39-41F9-A95B-A0A787789712}"
EndProject
Project("{FAE04EC0-301F-11D3-BF4B-00C04F79EFBC}") = "RegisterApp.Tests", "RegisterApp.Tests\RegisterApp.Tests.csproj", "{0B21DEC4-FB2C-4E23-B1DB-4E7D091D0DAE}"
EndProject
Global
	GlobalSection(SolutionConfigurationPlatforms) = preSolution
		Debug|Any CPU = Debug|Any CPU
		Release|Any CPU = Release|Any CPU
	EndGlobalSection
	GlobalSection(ProjectConfigurationPlatforms) = postSolution
		{9997FC64-DE39-41F9-A95B-A0A787789712}.Debug|Any CPU.ActiveCfg = Debug|Any CPU
		{9997FC64-DE39-41F9-A95B-A0A787789712}.Debug|Any CPU.Build.0 = Debug|Any CPU
		{9997FC64-DE39-41F9-A95B-A0A787789712}.Release|Any CPU.ActiveCfg = Release|Any CPU
		{9997FC64-DE39-41F9-A95B-A0A787789712}.Release|Any CPU.Build.0 = Release|Any CPU
		{0B21DEC4-FB2C-4E23-B1DB-4E7D091D0DAE}.Debug|Any CPU.ActiveCfg = Debug|Any CPU
		{0B21DEC4-FB2C-4E23-B1DB-4E7D091D0DAE}.Debug|Any CPU.Build.0 = Debug|Any CPU
		{0B21DEC4-FB2C-4E23-B1DB-4E7D091D0DAE}.Release|Any CPU.ActiveCfg = Release|Any CPU
		{0B21DEC4-FB2C-4E23-B1DB-4E7D091D0DAE}.Release|Any CPU.Build.0 = Release|Any CPU
	EndGlobalSection
	GlobalSection(SolutionProperties) = preSolution
		HideSolutionNode = FALSE
	EndGlobalSection
EndGlobal
