
Microsoft Visual Studio Solution File, Format Version 12.00
# Visual Studio 2013
VisualStudioVersion = 12.0.21005.1
MinimumVisualStudioVersion = 10.0.40219.1
Project("{FAE04EC0-301F-11D3-BF4B-00C04F79EFBC}") = "rehberApp", "rehberApp\rehberApp.csproj", "{9519A2A7-D7FF-48A4-B49D-87E71FD0B7A8}"
EndProject
Project("{FAE04EC0-301F-11D3-BF4B-00C04F79EFBC}") = "rehberApp.Tests", "rehberApp.Tests\rehberApp.Tests.csproj", "{ED7BE88B-5875-49B3-90C2-18A4DA0358A7}"
EndProject
Global
	GlobalSection(SolutionConfigurationPlatforms) = preSolution
		Debug|Any CPU = Debug|Any CPU
		Release|Any CPU = Release|Any CPU
	EndGlobalSection
	GlobalSection(ProjectConfigurationPlatforms) = postSolution
		{9519A2A7-D7FF-48A4-B49D-87E71FD0B7A8}.Debug|Any CPU.ActiveCfg = Debug|Any CPU
		{9519A2A7-D7FF-48A4-B49D-87E71FD0B7A8}.Debug|Any CPU.Build.0 = Debug|Any CPU
		{9519A2A7-D7FF-48A4-B49D-87E71FD0B7A8}.Release|Any CPU.ActiveCfg = Release|Any CPU
		{9519A2A7-D7FF-48A4-B49D-87E71FD0B7A8}.Release|Any CPU.Build.0 = Release|Any CPU
		{ED7BE88B-5875-49B3-90C2-18A4DA0358A7}.Debug|Any CPU.ActiveCfg = Debug|Any CPU
		{ED7BE88B-5875-49B3-90C2-18A4DA0358A7}.Debug|Any CPU.Build.0 = Debug|Any CPU
		{ED7BE88B-5875-49B3-90C2-18A4DA0358A7}.Release|Any CPU.ActiveCfg = Release|Any CPU
		{ED7BE88B-5875-49B3-90C2-18A4DA0358A7}.Release|Any CPU.Build.0 = Release|Any CPU
	EndGlobalSection
	GlobalSection(SolutionProperties) = preSolution
		HideSolutionNode = FALSE
	EndGlobalSection
EndGlobal
